{
  "object": {
    "pins": [
      {
        "package": "DiffableDataSource",
        "repositoryURL": "https://github.com/AttilaTheFun/DiffableDataSource",
        "state": {
          "branch": "main",
          "revision": "ce166ca1adf818f53c969473f9de6fdf68b2b68b",
          "version": null
        }
      }
    ]
  },
  "version": 1
}
