{
  "object": {
    "pins": [
      {
        "package": "DiffableDataSource",
        "repositoryURL": "https://github.com/AttilaTheFun/DiffableDataSource",
        "state": {
          "branch": "main",
          "revision": "4b9a8b80f507940fa7bdcc9678345627bf125f96",
          "version": null
        }
      }
    ]
  },
  "version": 1
}
