{
  "object": {
    "pins": [
      {
        "package": "DiffableDataSource",
        "repositoryURL": "https://github.com/AttilaTheFun/DiffableDataSource",
        "state": {
          "branch": "main",
          "revision": "a6ff71a579f1f90ed16e8517cc9804eb3cdfba0d",
          "version": null
        }
      }
    ]
  },
  "version": 1
}
